
Microsoft Visual Studio Solution File, Format Version 12.00
Project("{FAE04EC0-301F-11D3-BF4B-00C04F79EFBC}") = "Domain", "Domain\Domain.csproj", "{A91A3A90-918B-4DA4-A05C-10605A0A8055}"
EndProject
Project("{FAE04EC0-301F-11D3-BF4B-00C04F79EFBC}") = "Server", "Server\Server.csproj", "{FC4C4924-7F5E-4DB7-8D84-E64893F8184B}"
EndProject
Project("{FAE04EC0-301F-11D3-BF4B-00C04F79EFBC}") = "Client", "Client\Client.csproj", "{A063D9F6-131C-4E8A-9EDB-515CC37744DA}"
EndProject
Project("{FAE04EC0-301F-11D3-BF4B-00C04F79EFBC}") = "App", "App\App.csproj", "{6A5B0FC9-7253-4CF9-9AC4-1C81CF197E14}"
EndProject
Project("{FAE04EC0-301F-11D3-BF4B-00C04F79EFBC}") = "Cli", "Cli\Cli.csproj", "{01D05F46-E02B-4B02-9D8B-1177506A97DE}"
EndProject
Global
	GlobalSection(SolutionConfigurationPlatforms) = preSolution
		Debug|Any CPU = Debug|Any CPU
		Release|Any CPU = Release|Any CPU
	EndGlobalSection
	GlobalSection(ProjectConfigurationPlatforms) = postSolution
		{A91A3A90-918B-4DA4-A05C-10605A0A8055}.Debug|Any CPU.ActiveCfg = Debug|Any CPU
		{A91A3A90-918B-4DA4-A05C-10605A0A8055}.Debug|Any CPU.Build.0 = Debug|Any CPU
		{A91A3A90-918B-4DA4-A05C-10605A0A8055}.Release|Any CPU.ActiveCfg = Release|Any CPU
		{A91A3A90-918B-4DA4-A05C-10605A0A8055}.Release|Any CPU.Build.0 = Release|Any CPU
		{FC4C4924-7F5E-4DB7-8D84-E64893F8184B}.Debug|Any CPU.ActiveCfg = Debug|Any CPU
		{FC4C4924-7F5E-4DB7-8D84-E64893F8184B}.Debug|Any CPU.Build.0 = Debug|Any CPU
		{FC4C4924-7F5E-4DB7-8D84-E64893F8184B}.Release|Any CPU.ActiveCfg = Release|Any CPU
		{FC4C4924-7F5E-4DB7-8D84-E64893F8184B}.Release|Any CPU.Build.0 = Release|Any CPU
		{A063D9F6-131C-4E8A-9EDB-515CC37744DA}.Debug|Any CPU.ActiveCfg = Debug|Any CPU
		{A063D9F6-131C-4E8A-9EDB-515CC37744DA}.Debug|Any CPU.Build.0 = Debug|Any CPU
		{A063D9F6-131C-4E8A-9EDB-515CC37744DA}.Release|Any CPU.ActiveCfg = Release|Any CPU
		{A063D9F6-131C-4E8A-9EDB-515CC37744DA}.Release|Any CPU.Build.0 = Release|Any CPU
		{6A5B0FC9-7253-4CF9-9AC4-1C81CF197E14}.Debug|Any CPU.ActiveCfg = Debug|Any CPU
		{6A5B0FC9-7253-4CF9-9AC4-1C81CF197E14}.Debug|Any CPU.Build.0 = Debug|Any CPU
		{6A5B0FC9-7253-4CF9-9AC4-1C81CF197E14}.Release|Any CPU.ActiveCfg = Release|Any CPU
		{6A5B0FC9-7253-4CF9-9AC4-1C81CF197E14}.Release|Any CPU.Build.0 = Release|Any CPU
		{01D05F46-E02B-4B02-9D8B-1177506A97DE}.Debug|Any CPU.ActiveCfg = Debug|Any CPU
		{01D05F46-E02B-4B02-9D8B-1177506A97DE}.Debug|Any CPU.Build.0 = Debug|Any CPU
		{01D05F46-E02B-4B02-9D8B-1177506A97DE}.Release|Any CPU.ActiveCfg = Release|Any CPU
		{01D05F46-E02B-4B02-9D8B-1177506A97DE}.Release|Any CPU.Build.0 = Release|Any CPU
	EndGlobalSection
EndGlobal
